{
    "_readme": [
        "This file locks the dependencies of your project to a known state",
        "Read more about it at https://getcomposer.org/doc/01-basic-usage.md#installing-dependencies",
        "This file is @generated automatically"
    ],
    "content-hash": "190f18afecd293f640cfb1946ccc396d",
    "packages": [
        {
            "name": "athari/yalinqo",
            "version": "dev-master",
            "source": {
                "type": "git",
                "url": "https://github.com/Athari/YaLinqo.git",
                "reference": "939469772b36d4d454836681e0be2f220cf1e5cb"
            },
            "dist": {
                "type": "zip",
                "url": "https://api.github.com/repos/Athari/YaLinqo/zipball/939469772b36d4d454836681e0be2f220cf1e5cb",
                "reference": "939469772b36d4d454836681e0be2f220cf1e5cb",
                "shasum": ""
            },
            "require": {
                "php": ">=7.0"
            },
            "require-dev": {
                "phpdocumentor/phpdocumentor": "^2.8",
                "phpunit/phpunit": "^6.5",
                "satooshi/php-coveralls": "^2.0"
            },
            "default-branch": true,
            "type": "library",
            "extra": {
                "branch-alias": {
                    "dev-master": "2.x-dev"
                }
            },
            "autoload": {
                "files": [
                    "YaLinqo/Linq.php"
                ],
                "psr-4": {
                    "YaLinqo\\": "YaLinqo/"
                }
            },
            "notification-url": "https://packagist.org/downloads/",
            "license": [
                "BSD-2-Clause"
            ],
            "authors": [
                {
                    "name": "Alexander Prokhorov",
                    "homepage": "https://github.com/Athari/"
                }
            ],
            "description": "YaLinqo, a LINQ-to-objects library for PHP",
            "homepage": "http://athari.github.io/YaLinqo",
            "keywords": [
                "linq",
                "linqo",
                "query",
                "statistic"
            ],
            "support": {
                "docs": "http://athari.github.io/YaLinqo",
                "issues": "https://github.com/Athari/YaLinqo/issues",
                "source": "https://github.com/Athari/YaLinqo"
            },
            "time": "2018-05-11T22:30:22+00:00"
        },
        {
            "name": "illuminate/collections",
            "version": "9.x-dev",
            "source": {
                "type": "git",
                "url": "https://github.com/illuminate/collections.git",
                "reference": "32e3cd051cf1d12c1e7d5f7bb5a52d0dae8b7a8b"
            },
            "dist": {
                "type": "zip",
                "url": "https://api.github.com/repos/illuminate/collections/zipball/32e3cd051cf1d12c1e7d5f7bb5a52d0dae8b7a8b",
                "reference": "32e3cd051cf1d12c1e7d5f7bb5a52d0dae8b7a8b",
                "shasum": ""
            },
            "require": {
                "illuminate/conditionable": "^9.0",
                "illuminate/contracts": "^9.0",
                "illuminate/macroable": "^9.0",
                "php": "^8.0.2"
            },
            "suggest": {
                "symfony/var-dumper": "Required to use the dump method (^6.0)."
            },
            "type": "library",
            "extra": {
                "branch-alias": {
                    "dev-master": "9.x-dev"
                }
            },
            "autoload": {
                "files": [
                    "helpers.php"
                ],
                "psr-4": {
                    "Illuminate\\Support\\": ""
                }
            },
            "notification-url": "https://packagist.org/downloads/",
            "license": [
                "MIT"
            ],
            "authors": [
                {
                    "name": "Taylor Otwell",
                    "email": "taylor@laravel.com"
                }
            ],
            "description": "The Illuminate Collections package.",
            "homepage": "https://laravel.com",
            "support": {
                "issues": "https://github.com/laravel/framework/issues",
                "source": "https://github.com/laravel/framework"
            },
            "time": "2022-10-06T14:13:23+00:00"
        },
        {
            "name": "illuminate/conditionable",
            "version": "9.x-dev",
            "source": {
                "type": "git",
                "url": "https://github.com/illuminate/conditionable.git",
                "reference": "5b40f51ccb07e0e7b1ec5559d8db9e0e2dc51883"
            },
            "dist": {
                "type": "zip",
                "url": "https://api.github.com/repos/illuminate/conditionable/zipball/5b40f51ccb07e0e7b1ec5559d8db9e0e2dc51883",
                "reference": "5b40f51ccb07e0e7b1ec5559d8db9e0e2dc51883",
                "shasum": ""
            },
            "require": {
                "php": "^8.0.2"
            },
            "type": "library",
            "extra": {
                "branch-alias": {
                    "dev-master": "9.x-dev"
                }
            },
            "autoload": {
                "psr-4": {
                    "Illuminate\\Support\\": ""
                }
            },
            "notification-url": "https://packagist.org/downloads/",
            "license": [
                "MIT"
            ],
            "authors": [
                {
                    "name": "Taylor Otwell",
                    "email": "taylor@laravel.com"
                }
            ],
            "description": "The Illuminate Conditionable package.",
            "homepage": "https://laravel.com",
            "support": {
                "issues": "https://github.com/laravel/framework/issues",
                "source": "https://github.com/laravel/framework"
            },
            "time": "2022-07-29T19:44:19+00:00"
        },
        {
            "name": "illuminate/contracts",
            "version": "9.x-dev",
            "source": {
                "type": "git",
                "url": "https://github.com/illuminate/contracts.git",
                "reference": "d57130115694b4f6a98d064bea31cdb09d7784f8"
            },
            "dist": {
                "type": "zip",
                "url": "https://api.github.com/repos/illuminate/contracts/zipball/d57130115694b4f6a98d064bea31cdb09d7784f8",
                "reference": "d57130115694b4f6a98d064bea31cdb09d7784f8",
                "shasum": ""
            },
            "require": {
                "php": "^8.0.2",
                "psr/container": "^1.1.1|^2.0.1",
                "psr/simple-cache": "^1.0|^2.0|^3.0"
            },
            "type": "library",
            "extra": {
                "branch-alias": {
                    "dev-master": "9.x-dev"
                }
            },
            "autoload": {
                "psr-4": {
                    "Illuminate\\Contracts\\": ""
                }
            },
            "notification-url": "https://packagist.org/downloads/",
            "license": [
                "MIT"
            ],
            "authors": [
                {
                    "name": "Taylor Otwell",
                    "email": "taylor@laravel.com"
                }
            ],
            "description": "The Illuminate Contracts package.",
            "homepage": "https://laravel.com",
            "support": {
                "issues": "https://github.com/laravel/framework/issues",
                "source": "https://github.com/laravel/framework"
            },
            "time": "2022-09-15T13:31:42+00:00"
        },
        {
            "name": "illuminate/macroable",
            "version": "9.x-dev",
            "source": {
                "type": "git",
                "url": "https://github.com/illuminate/macroable.git",
                "reference": "e3bfaf6401742a9c6abca61b9b10e998e5b6449a"
            },
            "dist": {
                "type": "zip",
                "url": "https://api.github.com/repos/illuminate/macroable/zipball/e3bfaf6401742a9c6abca61b9b10e998e5b6449a",
                "reference": "e3bfaf6401742a9c6abca61b9b10e998e5b6449a",
                "shasum": ""
            },
            "require": {
                "php": "^8.0.2"
            },
            "type": "library",
            "extra": {
                "branch-alias": {
                    "dev-master": "9.x-dev"
                }
            },
            "autoload": {
                "psr-4": {
                    "Illuminate\\Support\\": ""
                }
            },
            "notification-url": "https://packagist.org/downloads/",
            "license": [
                "MIT"
            ],
            "authors": [
                {
                    "name": "Taylor Otwell",
                    "email": "taylor@laravel.com"
                }
            ],
            "description": "The Illuminate Macroable package.",
            "homepage": "https://laravel.com",
            "support": {
                "issues": "https://github.com/laravel/framework/issues",
                "source": "https://github.com/laravel/framework"
            },
            "time": "2022-08-09T13:29:29+00:00"
        },
        {
            "name": "psr/container",
            "version": "dev-master",
            "source": {
                "type": "git",
                "url": "https://github.com/php-fig/container.git",
                "reference": "90db7b9ac2a2c5b849fcb69dde58f3ae182c68f5"
            },
            "dist": {
                "type": "zip",
                "url": "https://api.github.com/repos/php-fig/container/zipball/90db7b9ac2a2c5b849fcb69dde58f3ae182c68f5",
                "reference": "90db7b9ac2a2c5b849fcb69dde58f3ae182c68f5",
                "shasum": ""
            },
            "require": {
                "php": ">=7.4.0"
            },
            "default-branch": true,
            "type": "library",
            "extra": {
                "branch-alias": {
                    "dev-master": "2.0.x-dev"
                }
            },
            "autoload": {
                "psr-4": {
                    "Psr\\Container\\": "src/"
                }
            },
            "notification-url": "https://packagist.org/downloads/",
            "license": [
                "MIT"
            ],
            "authors": [
                {
                    "name": "PHP-FIG",
                    "homepage": "https://www.php-fig.org/"
                }
            ],
            "description": "Common Container Interface (PHP FIG PSR-11)",
            "homepage": "https://github.com/php-fig/container",
            "keywords": [
                "PSR-11",
                "container",
                "container-interface",
                "container-interop",
                "psr"
            ],
            "support": {
                "issues": "https://github.com/php-fig/container/issues",
                "source": "https://github.com/php-fig/container/tree/master"
            },
            "time": "2022-07-19T17:36:59+00:00"
        },
        {
            "name": "psr/simple-cache",
            "version": "dev-master",
            "source": {
                "type": "git",
                "url": "https://github.com/php-fig/simple-cache.git",
                "reference": "2d280c2aaa23a120f35d55cfde8581954a8e77fa"
            },
            "dist": {
                "type": "zip",
                "url": "https://api.github.com/repos/php-fig/simple-cache/zipball/2d280c2aaa23a120f35d55cfde8581954a8e77fa",
                "reference": "2d280c2aaa23a120f35d55cfde8581954a8e77fa",
                "shasum": ""
            },
            "require": {
                "php": ">=8.0.0"
            },
            "default-branch": true,
            "type": "library",
            "extra": {
                "branch-alias": {
                    "dev-master": "3.0.x-dev"
                }
            },
            "autoload": {
                "psr-4": {
                    "Psr\\SimpleCache\\": "src/"
                }
            },
            "notification-url": "https://packagist.org/downloads/",
            "license": [
                "MIT"
            ],
            "authors": [
                {
                    "name": "PHP-FIG",
                    "homepage": "https://www.php-fig.org/"
                }
            ],
            "description": "Common interfaces for simple caching",
            "keywords": [
                "cache",
                "caching",
                "psr",
                "psr-16",
                "simple-cache"
            ],
            "support": {
                "source": "https://github.com/php-fig/simple-cache/tree/master"
            },
            "time": "2022-04-08T16:41:45+00:00"
        },
        {
            "name": "yiisoft/arrays",
            "version": "2.1.0",
            "source": {
                "type": "git",
                "url": "https://github.com/yiisoft/arrays.git",
                "reference": "7c889a4339f52ff96fc6f5c3eb13a66481f07422"
            },
            "dist": {
                "type": "zip",
                "url": "https://api.github.com/repos/yiisoft/arrays/zipball/7c889a4339f52ff96fc6f5c3eb13a66481f07422",
                "reference": "7c889a4339f52ff96fc6f5c3eb13a66481f07422",
                "shasum": ""
            },
            "require": {
                "php": "^7.4|^8.0",
                "yiisoft/strings": "^2.1"
            },
            "require-dev": {
                "phpunit/phpunit": "^9.5",
                "roave/infection-static-analysis-plugin": "^1.16",
                "spatie/phpunit-watcher": "^1.23",
                "vimeo/psalm": "^4.18"
            },
            "type": "library",
            "autoload": {
                "psr-4": {
                    "Yiisoft\\Arrays\\": "src"
                }
            },
            "notification-url": "https://packagist.org/downloads/",
            "license": [
                "BSD-3-Clause"
            ],
            "description": "Yii Array Helper",
            "homepage": "https://www.yiiframework.com/",
            "keywords": [
                "array",
                "helper",
                "yii"
            ],
            "support": {
                "chat": "https://t.me/yii3en",
                "forum": "https://forum.yiiframework.com/",
                "irc": "irc://irc.freenode.net/yii",
                "issues": "https://github.com/yiisoft/arrays/issues",
                "source": "https://github.com/yiisoft/arrays",
                "wiki": "https://www.yiiframework.com/wiki/"
            },
            "funding": [
                {
                    "url": "https://github.com/sponsors/yiisoft",
                    "type": "github"
                },
                {
                    "url": "https://opencollective.com/yiisoft",
                    "type": "opencollective"
                }
            ],
            "time": "2022-08-20T04:35:39+00:00"
        },
        {
            "name": "yiisoft/html",
            "version": "dev-master",
            "source": {
                "type": "git",
                "url": "https://github.com/yiisoft/html.git",
                "reference": "aee63cb30eba80675ee233809116444aa319edca"
            },
            "dist": {
                "type": "zip",
                "url": "https://api.github.com/repos/yiisoft/html/zipball/aee63cb30eba80675ee233809116444aa319edca",
                "reference": "aee63cb30eba80675ee233809116444aa319edca",
                "shasum": ""
            },
            "require": {
                "php": "^8.0",
                "yiisoft/arrays": "^2.0",
                "yiisoft/json": "^1.0"
            },
            "require-dev": {
                "maglnet/composer-require-checker": "^3.3",
                "phpunit/phpunit": "^9.5",
                "rector/rector": "^0.14.3",
                "roave/infection-static-analysis-plugin": "^1.16",
                "spatie/phpunit-watcher": "^1.23",
                "vimeo/psalm": "^4.18"
            },
            "default-branch": true,
            "type": "library",
            "autoload": {
                "psr-4": {
                    "Yiisoft\\Html\\": "src"
                }
            },
            "notification-url": "https://packagist.org/downloads/",
            "license": [
                "BSD-3-Clause"
            ],
            "description": "Handy library to generate HTML",
            "homepage": "https://www.yiiframework.com/",
            "keywords": [
                "html"
            ],
            "support": {
                "chat": "https://t.me/yii3en",
                "forum": "https://forum.yiiframework.com/",
                "irc": "irc://irc.freenode.net/yii",
                "issues": "https://github.com/yiisoft/html/issues?state=open",
                "source": "https://github.com/yiisoft/html",
                "wiki": "https://www.yiiframework.com/wiki/"
            },
            "funding": [
                {
                    "url": "https://github.com/sponsors/yiisoft",
                    "type": "github"
                },
                {
                    "url": "https://opencollective.com/yiisoft",
                    "type": "opencollective"
                }
            ],
            "time": "2022-10-26T12:33:50+00:00"
        },
        {
            "name": "yiisoft/json",
            "version": "1.0.0",
            "source": {
                "type": "git",
                "url": "https://github.com/yiisoft/json.git",
                "reference": "51b483aef1cd5d06ea02db3c40707bb6b41ed088"
            },
            "dist": {
                "type": "zip",
                "url": "https://api.github.com/repos/yiisoft/json/zipball/51b483aef1cd5d06ea02db3c40707bb6b41ed088",
                "reference": "51b483aef1cd5d06ea02db3c40707bb6b41ed088",
                "shasum": ""
            },
            "require": {
                "php": "^7.4|^8.0"
            },
            "require-dev": {
                "infection/infection": "^0.16.3",
                "phan/phan": "^3.0",
                "phpunit/phpunit": "^9.3"
            },
            "type": "library",
            "extra": {
                "branch-alias": {
                    "dev-master": "3.0.x-dev"
                }
            },
            "autoload": {
                "psr-4": {
                    "Yiisoft\\Json\\": "src"
                }
            },
            "notification-url": "https://packagist.org/downloads/",
            "license": [
                "BSD-3-Clause"
            ],
            "description": "json",
            "homepage": "http://www.yiiframework.com/",
            "keywords": [
                "json"
            ],
            "support": {
                "forum": "http://www.yiiframework.com/forum/",
                "irc": "irc://irc.freenode.net/yii",
                "issues": "https://github.com/yiisoft/json/issues?state=open",
                "source": "https://github.com/yiisoft/json",
                "wiki": "http://www.yiiframework.com/wiki/"
            },
            "funding": [
                {
                    "url": "https://github.com/yiisoft",
                    "type": "github"
                },
                {
                    "url": "https://opencollective.com/yiisoft",
                    "type": "open_collective"
                }
            ],
            "time": "2020-08-26T12:21:14+00:00"
        },
        {
            "name": "yiisoft/strings",
            "version": "2.1.0",
            "source": {
                "type": "git",
                "url": "https://github.com/yiisoft/strings.git",
                "reference": "714ebfbddf8a169194f0820adf0dd9f910363535"
            },
            "dist": {
                "type": "zip",
                "url": "https://api.github.com/repos/yiisoft/strings/zipball/714ebfbddf8a169194f0820adf0dd9f910363535",
                "reference": "714ebfbddf8a169194f0820adf0dd9f910363535",
                "shasum": ""
            },
            "require": {
                "ext-mbstring": "*",
                "php": "^7.4|^8.0"
            },
            "require-dev": {
                "phpunit/phpunit": "^9.5",
                "roave/infection-static-analysis-plugin": "^1.16",
                "spatie/phpunit-watcher": "^1.23",
                "vimeo/psalm": "^4.18"
            },
            "type": "library",
            "autoload": {
                "psr-4": {
                    "Yiisoft\\Strings\\": "src"
                }
            },
            "notification-url": "https://packagist.org/downloads/",
            "license": [
                "BSD-3-Clause"
            ],
            "description": "Yii Strings Helper",
            "homepage": "https://www.yiiframework.com/",
            "keywords": [
                "helper",
                "string",
                "yii"
            ],
            "support": {
                "chat": "https://t.me/yii3en",
                "forum": "https://www.yiiframework.com/forum/",
                "irc": "irc://irc.freenode.net/yii",
                "issues": "https://github.com/yiisoft/strings/issues",
                "source": "https://github.com/yiisoft/strings",
                "wiki": "https://www.yiiframework.com/wiki/"
            },
            "funding": [
                {
                    "url": "https://github.com/yiisoft",
                    "type": "github"
                },
                {
                    "url": "https://opencollective.com/yiisoft",
                    "type": "open_collective"
                }
            ],
            "time": "2022-08-20T04:26:16+00:00"
        }
    ],
    "packages-dev": [
        {
            "name": "php-stubs/wordpress-stubs",
            "version": "v6.0.2",
            "source": {
                "type": "git",
                "url": "https://github.com/php-stubs/wordpress-stubs.git",
                "reference": "165b84f082db851e76ec51bebcde550d03976893"
            },
            "dist": {
                "type": "zip",
                "url": "https://api.github.com/repos/php-stubs/wordpress-stubs/zipball/165b84f082db851e76ec51bebcde550d03976893",
                "reference": "165b84f082db851e76ec51bebcde550d03976893",
                "shasum": ""
            },
            "replace": {
                "giacocorsiglia/wordpress-stubs": "*"
            },
            "require-dev": {
                "nikic/php-parser": "< 4.12.0",
                "php": "~7.3 || ~8.0",
                "php-stubs/generator": "^0.8.1",
                "phpdocumentor/reflection-docblock": "^5.3",
                "phpstan/phpstan": "^1.2"
            },
            "suggest": {
                "paragonie/sodium_compat": "Pure PHP implementation of libsodium",
                "symfony/polyfill-php73": "Symfony polyfill backporting some PHP 7.3+ features to lower PHP versions",
                "szepeviktor/phpstan-wordpress": "WordPress extensions for PHPStan"
            },
            "type": "library",
            "notification-url": "https://packagist.org/downloads/",
            "license": [
                "MIT"
            ],
            "description": "WordPress function and class declaration stubs for static analysis.",
            "homepage": "https://github.com/php-stubs/wordpress-stubs",
            "keywords": [
                "PHPStan",
                "static analysis",
                "wordpress"
            ],
            "support": {
                "issues": "https://github.com/php-stubs/wordpress-stubs/issues",
                "source": "https://github.com/php-stubs/wordpress-stubs/tree/v6.0.2"
            },
            "time": "2022-09-30T17:46:11+00:00"
        },
        {
            "name": "phpstan/extension-installer",
            "version": "1.2.x-dev",
            "source": {
                "type": "git",
                "url": "https://github.com/phpstan/extension-installer.git",
                "reference": "f06dbb052ddc394e7896fcd1cfcd533f9f6ace40"
            },
            "dist": {
                "type": "zip",
                "url": "https://api.github.com/repos/phpstan/extension-installer/zipball/f06dbb052ddc394e7896fcd1cfcd533f9f6ace40",
                "reference": "f06dbb052ddc394e7896fcd1cfcd533f9f6ace40",
                "shasum": ""
            },
            "require": {
                "composer-plugin-api": "^2.0",
                "php": "^7.2 || ^8.0",
                "phpstan/phpstan": "^1.8.0"
            },
            "require-dev": {
                "composer/composer": "^2.0",
                "php-parallel-lint/php-parallel-lint": "^1.2.0",
                "phpstan/phpstan-strict-rules": "^0.11 || ^0.12 || ^1.0"
            },
            "default-branch": true,
            "type": "composer-plugin",
            "extra": {
                "class": "PHPStan\\ExtensionInstaller\\Plugin"
            },
            "autoload": {
                "psr-4": {
                    "PHPStan\\ExtensionInstaller\\": "src/"
                }
            },
            "notification-url": "https://packagist.org/downloads/",
            "license": [
                "MIT"
            ],
            "description": "Composer plugin for automatic installation of PHPStan extensions",
            "support": {
                "issues": "https://github.com/phpstan/extension-installer/issues",
                "source": "https://github.com/phpstan/extension-installer/tree/1.2.0"
            },
            "time": "2022-10-17T12:59:16+00:00"
        },
        {
            "name": "phpstan/phpstan",
            "version": "1.9.x-dev",
            "source": {
                "type": "git",
                "url": "https://github.com/phpstan/phpstan.git",
                "reference": "2913a6d103fd5fbca812c4a99e3bc870c3ca8117"
            },
            "dist": {
                "type": "zip",
                "url": "https://api.github.com/repos/phpstan/phpstan/zipball/2913a6d103fd5fbca812c4a99e3bc870c3ca8117",
                "reference": "2913a6d103fd5fbca812c4a99e3bc870c3ca8117",
                "shasum": ""
            },
            "require": {
                "php": "^7.2|^8.0"
            },
            "conflict": {
                "phpstan/phpstan-shim": "*"
            },
            "default-branch": true,
            "bin": [
                "phpstan",
                "phpstan.phar"
            ],
            "type": "library",
            "autoload": {
                "files": [
                    "bootstrap.php"
                ]
            },
            "notification-url": "https://packagist.org/downloads/",
            "license": [
                "MIT"
            ],
            "description": "PHPStan - PHP Static Analysis Tool",
            "keywords": [
                "dev",
                "static analysis"
            ],
            "support": {
                "issues": "https://github.com/phpstan/phpstan/issues",
                "source": "https://github.com/phpstan/phpstan/tree/1.9.x"
            },
            "funding": [
                {
                    "url": "https://github.com/ondrejmirtes",
                    "type": "github"
                },
                {
                    "url": "https://github.com/phpstan",
                    "type": "github"
                },
                {
                    "url": "https://tidelift.com/funding/github/packagist/phpstan/phpstan",
                    "type": "tidelift"
                }
            ],
            "time": "2022-10-27T03:18:22+00:00"
        },
        {
            "name": "symfony/polyfill-php73",
            "version": "dev-main",
            "source": {
                "type": "git",
                "url": "https://github.com/symfony/polyfill-php73.git",
                "reference": "e440d35fa0286f77fb45b79a03fedbeda9307e85"
            },
            "dist": {
                "type": "zip",
                "url": "https://api.github.com/repos/symfony/polyfill-php73/zipball/e440d35fa0286f77fb45b79a03fedbeda9307e85",
                "reference": "e440d35fa0286f77fb45b79a03fedbeda9307e85",
                "shasum": ""
            },
            "require": {
                "php": ">=7.1"
            },
            "default-branch": true,
            "type": "library",
            "extra": {
                "branch-alias": {
                    "dev-main": "1.26-dev"
                },
                "thanks": {
                    "name": "symfony/polyfill",
                    "url": "https://github.com/symfony/polyfill"
                }
            },
            "autoload": {
                "files": [
                    "bootstrap.php"
                ],
                "psr-4": {
                    "Symfony\\Polyfill\\Php73\\": ""
                },
                "classmap": [
                    "Resources/stubs"
                ]
            },
            "notification-url": "https://packagist.org/downloads/",
            "license": [
                "MIT"
            ],
            "authors": [
                {
                    "name": "Nicolas Grekas",
                    "email": "p@tchwork.com"
                },
                {
                    "name": "Symfony Community",
                    "homepage": "https://symfony.com/contributors"
                }
            ],
            "description": "Symfony polyfill backporting some PHP 7.3+ features to lower PHP versions",
            "homepage": "https://symfony.com",
            "keywords": [
                "compatibility",
                "polyfill",
                "portable",
                "shim"
            ],
            "support": {
                "source": "https://github.com/symfony/polyfill-php73/tree/v1.26.0"
            },
            "funding": [
                {
                    "url": "https://symfony.com/sponsor",
                    "type": "custom"
                },
                {
                    "url": "https://github.com/fabpot",
                    "type": "github"
                },
                {
                    "url": "https://tidelift.com/funding/github/packagist/symfony/symfony",
                    "type": "tidelift"
                }
            ],
            "time": "2022-05-24T11:49:31+00:00"
        },
        {
            "name": "szepeviktor/phpstan-wordpress",
            "version": "dev-master",
            "source": {
                "type": "git",
                "url": "https://github.com/szepeviktor/phpstan-wordpress.git",
                "reference": "e644df734e1bbe95810e0f617d17df091048a94e"
            },
            "dist": {
                "type": "zip",
                "url": "https://api.github.com/repos/szepeviktor/phpstan-wordpress/zipball/e644df734e1bbe95810e0f617d17df091048a94e",
                "reference": "e644df734e1bbe95810e0f617d17df091048a94e",
                "shasum": ""
            },
            "require": {
                "php": "^7.2 || ^8.0",
                "php-stubs/wordpress-stubs": "^4.7 || ^5.0 || ^6.0",
                "phpstan/phpstan": "^1.6",
                "symfony/polyfill-php73": "^1.12.0"
            },
            "require-dev": {
                "composer/composer": "^2.1.14",
                "dealerdirect/phpcodesniffer-composer-installer": "^0.7",
                "php-parallel-lint/php-parallel-lint": "^1.1",
                "phpstan/phpstan-strict-rules": "^1.2",
                "phpunit/phpunit": "^8 || ^9",
                "szepeviktor/phpcs-psr-12-neutron-hybrid-ruleset": "^0.6"
            },
            "default-branch": true,
            "type": "phpstan-extension",
            "extra": {
                "phpstan": {
                    "includes": [
                        "extension.neon"
                    ]
                }
            },
            "autoload": {
                "psr-4": {
                    "SzepeViktor\\PHPStan\\WordPress\\": "src/"
                }
            },
            "notification-url": "https://packagist.org/downloads/",
            "license": [
                "MIT"
            ],
            "description": "WordPress extensions for PHPStan",
            "keywords": [
                "PHPStan",
                "code analyse",
                "code analysis",
                "static analysis",
                "wordpress"
            ],
            "support": {
                "issues": "https://github.com/szepeviktor/phpstan-wordpress/issues",
                "source": "https://github.com/szepeviktor/phpstan-wordpress/tree/v1.1.3"
            },
            "funding": [
                {
                    "url": "https://www.paypal.me/szepeviktor",
                    "type": "custom"
                },
                {
                    "url": "https://github.com/szepeviktor",
                    "type": "github"
                }
            ],
            "time": "2022-09-22T13:14:50+00:00"
        }
    ],
    "aliases": [],
    "minimum-stability": "dev",
    "stability-flags": {
        "yiisoft/html": 20,
        "szepeviktor/phpstan-wordpress": 20
    },
    "prefer-stable": false,
    "prefer-lowest": false,
    "platform": [],
    "platform-dev": [],
    "plugin-api-version": "2.3.0"
}
