
Microsoft Visual Studio Solution File, Format Version 12.00
# Visual Studio Version 17
VisualStudioVersion = 17.4.33103.184
MinimumVisualStudioVersion = 10.0.40219.1
Project("{13B669BE-BB05-4DDF-9536-439F39A36129}") = "gik25-microdata", "gik25-microdata.msbuildproj", "{3E9DEE7C-EA3A-4598-A48A-58B163E45311}"
EndProject
Project("{13B669BE-BB05-4DDF-9536-439F39A36129}") = "Web1", "..\Web1\Web1\Web1.msbuildproj", "{630C20C7-C9C1-49F4-A501-36FD8FBC9EA9}"
EndProject
Global
	GlobalSection(SolutionConfigurationPlatforms) = preSolution
		Debug|Any CPU = Debug|Any CPU
		Release|Any CPU = Release|Any CPU
	EndGlobalSection
	GlobalSection(ProjectConfigurationPlatforms) = postSolution
		{3E9DEE7C-EA3A-4598-A48A-58B163E45311}.Debug|Any CPU.ActiveCfg = Debug|Any CPU
		{3E9DEE7C-EA3A-4598-A48A-58B163E45311}.Debug|Any CPU.Build.0 = Debug|Any CPU
		{3E9DEE7C-EA3A-4598-A48A-58B163E45311}.Release|Any CPU.ActiveCfg = Release|Any CPU
		{3E9DEE7C-EA3A-4598-A48A-58B163E45311}.Release|Any CPU.Build.0 = Release|Any CPU
		{630C20C7-C9C1-49F4-A501-36FD8FBC9EA9}.Debug|Any CPU.ActiveCfg = Debug|Any CPU
		{630C20C7-C9C1-49F4-A501-36FD8FBC9EA9}.Debug|Any CPU.Build.0 = Debug|Any CPU
		{630C20C7-C9C1-49F4-A501-36FD8FBC9EA9}.Release|Any CPU.ActiveCfg = Release|Any CPU
		{630C20C7-C9C1-49F4-A501-36FD8FBC9EA9}.Release|Any CPU.Build.0 = Release|Any CPU
	EndGlobalSection
	GlobalSection(SolutionProperties) = preSolution
		HideSolutionNode = FALSE
	EndGlobalSection
	GlobalSection(ExtensibilityGlobals) = postSolution
		SolutionGuid = {E4C8EAA2-1203-451F-99F0-7FDB92C61815}
	EndGlobalSection
EndGlobal
